
Microsoft Visual Studio Solution File, Format Version 12.00
# Visual Studio Version 16
VisualStudioVersion = 16.0.29709.97
MinimumVisualStudioVersion = 10.0.40219.1
Project("{FAE04EC0-301F-11D3-BF4B-00C04F79EFBC}") = "Orange.HRM.Test", "Orange.HRM.Test\Orange.HRM.Test.csproj", "{ABCC8D95-3B6A-43DA-BCE4-6759569145B5}"
EndProject
Project("{FAE04EC0-301F-11D3-BF4B-00C04F79EFBC}") = "Orange.HRM.TestHarness", "Orange.HRM.TestHarness\Orange.HRM.TestHarness.csproj", "{FEB64F9A-9274-4BAB-9C67-B6D5D97C9388}"
EndProject
Project("{FAE04EC0-301F-11D3-BF4B-00C04F79EFBC}") = "Selenium.Framework.Development.Kit", "..\..\Automation\Selenium.Framework.Development.Kit\Selenium.Framework.Development.Kit\Selenium.Framework.Development.Kit.csproj", "{6756A3CC-34EA-4E04-A28C-AC696644CA26}"
EndProject
Global
	GlobalSection(SolutionConfigurationPlatforms) = preSolution
		Debug|Any CPU = Debug|Any CPU
		Release|Any CPU = Release|Any CPU
	EndGlobalSection
	GlobalSection(ProjectConfigurationPlatforms) = postSolution
		{ABCC8D95-3B6A-43DA-BCE4-6759569145B5}.Debug|Any CPU.ActiveCfg = Debug|Any CPU
		{ABCC8D95-3B6A-43DA-BCE4-6759569145B5}.Debug|Any CPU.Build.0 = Debug|Any CPU
		{ABCC8D95-3B6A-43DA-BCE4-6759569145B5}.Release|Any CPU.ActiveCfg = Release|Any CPU
		{ABCC8D95-3B6A-43DA-BCE4-6759569145B5}.Release|Any CPU.Build.0 = Release|Any CPU
		{FEB64F9A-9274-4BAB-9C67-B6D5D97C9388}.Debug|Any CPU.ActiveCfg = Debug|Any CPU
		{FEB64F9A-9274-4BAB-9C67-B6D5D97C9388}.Debug|Any CPU.Build.0 = Debug|Any CPU
		{FEB64F9A-9274-4BAB-9C67-B6D5D97C9388}.Release|Any CPU.ActiveCfg = Release|Any CPU
		{FEB64F9A-9274-4BAB-9C67-B6D5D97C9388}.Release|Any CPU.Build.0 = Release|Any CPU
		{6756A3CC-34EA-4E04-A28C-AC696644CA26}.Debug|Any CPU.ActiveCfg = Debug|Any CPU
		{6756A3CC-34EA-4E04-A28C-AC696644CA26}.Debug|Any CPU.Build.0 = Debug|Any CPU
		{6756A3CC-34EA-4E04-A28C-AC696644CA26}.Release|Any CPU.ActiveCfg = Release|Any CPU
		{6756A3CC-34EA-4E04-A28C-AC696644CA26}.Release|Any CPU.Build.0 = Release|Any CPU
	EndGlobalSection
	GlobalSection(SolutionProperties) = preSolution
		HideSolutionNode = FALSE
	EndGlobalSection
	GlobalSection(ExtensibilityGlobals) = postSolution
		SolutionGuid = {17782738-9A7E-4297-9DE9-8986D8D311F7}
	EndGlobalSection
EndGlobal
