
Microsoft Visual Studio Solution File, Format Version 12.00
# Visual Studio Version 16
VisualStudioVersion = 16.0.29709.97
MinimumVisualStudioVersion = 10.0.40219.1
Project("{FAE04EC0-301F-11D3-BF4B-00C04F79EFBC}") = "PhpTravels", "PhpTravels\PhpTravels.csproj", "{2F4D6297-C820-4FDC-A236-881806EE74A7}"
EndProject
Project("{FAE04EC0-301F-11D3-BF4B-00C04F79EFBC}") = "PhpTravels.TestHarness", "PhpTravels.TestHarness\PhpTravels.TestHarness.csproj", "{6C1F5274-0E15-445C-9B91-352AAD354FC9}"
EndProject
Global
	GlobalSection(SolutionConfigurationPlatforms) = preSolution
		Debug|Any CPU = Debug|Any CPU
		Release|Any CPU = Release|Any CPU
	EndGlobalSection
	GlobalSection(ProjectConfigurationPlatforms) = postSolution
		{2F4D6297-C820-4FDC-A236-881806EE74A7}.Debug|Any CPU.ActiveCfg = Debug|Any CPU
		{2F4D6297-C820-4FDC-A236-881806EE74A7}.Debug|Any CPU.Build.0 = Debug|Any CPU
		{2F4D6297-C820-4FDC-A236-881806EE74A7}.Release|Any CPU.ActiveCfg = Release|Any CPU
		{2F4D6297-C820-4FDC-A236-881806EE74A7}.Release|Any CPU.Build.0 = Release|Any CPU
		{6C1F5274-0E15-445C-9B91-352AAD354FC9}.Debug|Any CPU.ActiveCfg = Debug|Any CPU
		{6C1F5274-0E15-445C-9B91-352AAD354FC9}.Debug|Any CPU.Build.0 = Debug|Any CPU
		{6C1F5274-0E15-445C-9B91-352AAD354FC9}.Release|Any CPU.ActiveCfg = Release|Any CPU
		{6C1F5274-0E15-445C-9B91-352AAD354FC9}.Release|Any CPU.Build.0 = Release|Any CPU
	EndGlobalSection
	GlobalSection(SolutionProperties) = preSolution
		HideSolutionNode = FALSE
	EndGlobalSection
	GlobalSection(ExtensibilityGlobals) = postSolution
		SolutionGuid = {A7D7180E-D1D1-4E76-A386-6B81E02BBD43}
	EndGlobalSection
EndGlobal
